
Microsoft Visual Studio Solution File, Format Version 11.00
# Visual Studio 2010
Project("{8BC9CEB8-8B4A-11D0-8D11-00A0C91BC942}") = "GeoX", "GeoX.vcxproj", "{BBCF3DBA-D593-4D1F-9229-61D76522D231}"
EndProject
Global
	GlobalSection(SolutionConfigurationPlatforms) = preSolution
		Debug|Win32 = Debug|Win32
		Release|Win32 = Release|Win32
	EndGlobalSection
	GlobalSection(ProjectConfigurationPlatforms) = postSolution
		{BBCF3DBA-D593-4D1F-9229-61D76522D231}.Debug|Win32.ActiveCfg = Debug|Win32
		{BBCF3DBA-D593-4D1F-9229-61D76522D231}.Debug|Win32.Build.0 = Debug|Win32
		{BBCF3DBA-D593-4D1F-9229-61D76522D231}.Release|Win32.ActiveCfg = Release|Win32
		{BBCF3DBA-D593-4D1F-9229-61D76522D231}.Release|Win32.Build.0 = Release|Win32
	EndGlobalSection
	GlobalSection(SolutionProperties) = preSolution
		HideSolutionNode = FALSE
	EndGlobalSection
EndGlobal
